// !$*UTF8*$!
{
	archiveVersion = 1;
	classes = {
	};
	objectVersion = 77;
	objects = {

/* Begin PBXBuildFile section */
		DD138ABE2D32B4AE002A7B2D /* WrappingHStack in Frameworks */ = {isa = PBXBuildFile; productRef = DD138ABD2D32B4AE002A7B2D /* WrappingHStack */; };
		DD1D60252D4F6408007DE51B /* View+extension.swift in Sources */ = {isa = PBXBuildFile; fileRef = DD1D60242D4F6408007DE51B /* View+extension.swift */; };
		DD1D60272D4F98D7007DE51B /* RM__SwipeableView.swift in Sources */ = {isa = PBXBuildFile; fileRef = DD1D60262D4F98D7007DE51B /* RM__SwipeableView.swift */; };
		DD38C6912D37BC320055D418 /* Preview Assets.xcassets in Resources */ = {isa = PBXBuildFile; fileRef = DD38C6892D37BC320055D418 /* Preview Assets.xcassets */; };
		DD38C6922D37BC320055D418 /* Assets.xcassets in Resources */ = {isa = PBXBuildFile; fileRef = DD38C68D2D37BC320055D418 /* Assets.xcassets */; };
		DD38C6932D37BC320055D418 /* WeightSetsListView.swift in Sources */ = {isa = PBXBuildFile; fileRef = DD38C68B2D37BC320055D418 /* WeightSetsListView.swift */; };
		DD38C6952D37BC320055D418 /* WeightCalculatorApp.swift in Sources */ = {isa = PBXBuildFile; fileRef = DD38C68F2D37BC320055D418 /* WeightCalculatorApp.swift */; };
		DD38C6972D37C65E0055D418 /* WeightSet.swift in Sources */ = {isa = PBXBuildFile; fileRef = DD38C6962D37C65E0055D418 /* WeightSet.swift */; };
		DD38C69A2D3804C80055D418 /* WeightSetEditView.swift in Sources */ = {isa = PBXBuildFile; fileRef = DD38C6992D3804C80055D418 /* WeightSetEditView.swift */; };
		DD3A1D2B2D4909BE00C3FD77 /* WeightsCell.swift in Sources */ = {isa = PBXBuildFile; fileRef = DD3A1D2A2D4909BE00C3FD77 /* WeightsCell.swift */; };
		DD3A1D512D49294A00C3FD77 /* WeightFinderView.swift in Sources */ = {isa = PBXBuildFile; fileRef = DD3A1D502D49294A00C3FD77 /* WeightFinderView.swift */; };
		DD3A1D542D492A6800C3FD77 /* WeightFinderViewModel.swift in Sources */ = {isa = PBXBuildFile; fileRef = DD3A1D532D492A4700C3FD77 /* WeightFinderViewModel.swift */; };
		DD3AA3452D473D1400AD5B84 /* WeightSetEditViewModel.swift in Sources */ = {isa = PBXBuildFile; fileRef = DD3AA3442D473D1000AD5B84 /* WeightSetEditViewModel.swift */; };
		DD5C5F1E2D4B890500491FD9 /* RealmSwift in Frameworks */ = {isa = PBXBuildFile; productRef = DD5C5F1D2D4B890500491FD9 /* RealmSwift */; };
		DD5C5F1F2D4B890500491FD9 /* RealmSwift in Embed Frameworks */ = {isa = PBXBuildFile; productRef = DD5C5F1D2D4B890500491FD9 /* RealmSwift */; settings = {ATTRIBUTES = (CodeSignOnCopy, ); }; };
		DD67278F2D4A417F005F1837 /* RM__Binding+extension.swift in Sources */ = {isa = PBXBuildFile; fileRef = DD67278E2D4A4176005F1837 /* RM__Binding+extension.swift */; };
		DD7D1BF12D520F30009EA4E2 /* Collection+extension.swift in Sources */ = {isa = PBXBuildFile; fileRef = DD7D1BF02D520F1F009EA4E2 /* Collection+extension.swift */; };
		DD7D45C92D4548D90071A99D /* WeightSetEditSectionView.swift in Sources */ = {isa = PBXBuildFile; fileRef = DD7D45C82D4548D50071A99D /* WeightSetEditSectionView.swift */; };
		DD95E6892D50B2AF0029C779 /* SwiftUIIntrospect in Frameworks */ = {isa = PBXBuildFile; productRef = DD95E6882D50B2AF0029C779 /* SwiftUIIntrospect */; };
		DD9DF43F2D4CBA6A00497676 /* WeightsList.swift in Sources */ = {isa = PBXBuildFile; fileRef = DD9DF43E2D4CBA6A00497676 /* WeightsList.swift */; };
		DDD8C7A72D4122C800B068FE /* ContentView.swift in Sources */ = {isa = PBXBuildFile; fileRef = DDD8C7A52D4122C800B068FE /* ContentView.swift */; };
		DDD8C7A92D41230200B068FE /* ContentViewModel.swift in Sources */ = {isa = PBXBuildFile; fileRef = DDD8C7A82D4122F700B068FE /* ContentViewModel.swift */; };
		DDD8C7AB2D41248500B068FE /* WeightSetsListViewModel.swift in Sources */ = {isa = PBXBuildFile; fileRef = DDD8C7AA2D41247C00B068FE /* WeightSetsListViewModel.swift */; };
/* End PBXBuildFile section */

/* Begin PBXCopyFilesBuildPhase section */
		DD5C5F202D4B890500491FD9 /* Embed Frameworks */ = {
			isa = PBXCopyFilesBuildPhase;
			buildActionMask = 2147483647;
			dstPath = "";
			dstSubfolderSpec = 10;
			files = (
				DD5C5F1F2D4B890500491FD9 /* RealmSwift in Embed Frameworks */,
			);
			name = "Embed Frameworks";
			runOnlyForDeploymentPostprocessing = 0;
		};
/* End PBXCopyFilesBuildPhase section */

/* Begin PBXFileReference section */
		DD138AAB2D328E40002A7B2D /* WeightCalculator.app */ = {isa = PBXFileReference; explicitFileType = wrapper.application; includeInIndex = 0; path = WeightCalculator.app; sourceTree = BUILT_PRODUCTS_DIR; };
		DD1D60242D4F6408007DE51B /* View+extension.swift */ = {isa = PBXFileReference; lastKnownFileType = sourcecode.swift; path = "View+extension.swift"; sourceTree = "<group>"; };
		DD1D60262D4F98D7007DE51B /* RM__SwipeableView.swift */ = {isa = PBXFileReference; lastKnownFileType = sourcecode.swift; path = RM__SwipeableView.swift; sourceTree = "<group>"; };
		DD38C6892D37BC320055D418 /* Preview Assets.xcassets */ = {isa = PBXFileReference; lastKnownFileType = folder.assetcatalog; path = "Preview Assets.xcassets"; sourceTree = "<group>"; };
		DD38C68B2D37BC320055D418 /* WeightSetsListView.swift */ = {isa = PBXFileReference; lastKnownFileType = sourcecode.swift; path = WeightSetsListView.swift; sourceTree = "<group>"; };
		DD38C68D2D37BC320055D418 /* Assets.xcassets */ = {isa = PBXFileReference; lastKnownFileType = folder.assetcatalog; path = Assets.xcassets; sourceTree = "<group>"; };
		DD38C68F2D37BC320055D418 /* WeightCalculatorApp.swift */ = {isa = PBXFileReference; lastKnownFileType = sourcecode.swift; path = WeightCalculatorApp.swift; sourceTree = "<group>"; };
		DD38C6962D37C65E0055D418 /* WeightSet.swift */ = {isa = PBXFileReference; lastKnownFileType = sourcecode.swift; path = WeightSet.swift; sourceTree = "<group>"; };
		DD38C6992D3804C80055D418 /* WeightSetEditView.swift */ = {isa = PBXFileReference; lastKnownFileType = sourcecode.swift; path = WeightSetEditView.swift; sourceTree = "<group>"; };
		DD3A1D2A2D4909BE00C3FD77 /* WeightsCell.swift */ = {isa = PBXFileReference; lastKnownFileType = sourcecode.swift; path = WeightsCell.swift; sourceTree = "<group>"; };
		DD3A1D502D49294A00C3FD77 /* WeightFinderView.swift */ = {isa = PBXFileReference; lastKnownFileType = sourcecode.swift; path = WeightFinderView.swift; sourceTree = "<group>"; };
		DD3A1D532D492A4700C3FD77 /* WeightFinderViewModel.swift */ = {isa = PBXFileReference; lastKnownFileType = sourcecode.swift; path = WeightFinderViewModel.swift; sourceTree = "<group>"; };
		DD3AA3442D473D1000AD5B84 /* WeightSetEditViewModel.swift */ = {isa = PBXFileReference; lastKnownFileType = sourcecode.swift; path = WeightSetEditViewModel.swift; sourceTree = "<group>"; };
		DD67278E2D4A4176005F1837 /* RM__Binding+extension.swift */ = {isa = PBXFileReference; lastKnownFileType = sourcecode.swift; path = "RM__Binding+extension.swift"; sourceTree = "<group>"; };
		DD7D1BF02D520F1F009EA4E2 /* Collection+extension.swift */ = {isa = PBXFileReference; lastKnownFileType = sourcecode.swift; path = "Collection+extension.swift"; sourceTree = "<group>"; };
		DD7D45C82D4548D50071A99D /* WeightSetEditSectionView.swift */ = {isa = PBXFileReference; lastKnownFileType = sourcecode.swift; path = WeightSetEditSectionView.swift; sourceTree = "<group>"; };
		DD9DF43E2D4CBA6A00497676 /* WeightsList.swift */ = {isa = PBXFileReference; lastKnownFileType = sourcecode.swift; path = WeightsList.swift; sourceTree = "<group>"; };
		DDD8C7A52D4122C800B068FE /* ContentView.swift */ = {isa = PBXFileReference; lastKnownFileType = sourcecode.swift; path = ContentView.swift; sourceTree = "<group>"; };
		DDD8C7A82D4122F700B068FE /* ContentViewModel.swift */ = {isa = PBXFileReference; lastKnownFileType = sourcecode.swift; path = ContentViewModel.swift; sourceTree = "<group>"; };
		DDD8C7AA2D41247C00B068FE /* WeightSetsListViewModel.swift */ = {isa = PBXFileReference; lastKnownFileType = sourcecode.swift; path = WeightSetsListViewModel.swift; sourceTree = "<group>"; };
/* End PBXFileReference section */

/* Begin PBXFrameworksBuildPhase section */
		DD138AA82D328E40002A7B2D /* Frameworks */ = {
			isa = PBXFrameworksBuildPhase;
			buildActionMask = 2147483647;
			files = (
				DD95E6892D50B2AF0029C779 /* SwiftUIIntrospect in Frameworks */,
				DD5C5F1E2D4B890500491FD9 /* RealmSwift in Frameworks */,
				DD138ABE2D32B4AE002A7B2D /* WrappingHStack in Frameworks */,
			);
			runOnlyForDeploymentPostprocessing = 0;
		};
/* End PBXFrameworksBuildPhase section */

/* Begin PBXGroup section */
		DD138AA22D328E40002A7B2D = {
			isa = PBXGroup;
			children = (
				DD38C6902D37BC320055D418 /* WeightCalculator */,
				DD5C5F1C2D4B890500491FD9 /* Frameworks */,
				DD138AAC2D328E40002A7B2D /* Products */,
			);
			sourceTree = "<group>";
		};
		DD138AAC2D328E40002A7B2D /* Products */ = {
			isa = PBXGroup;
			children = (
				DD138AAB2D328E40002A7B2D /* WeightCalculator.app */,
			);
			name = Products;
			sourceTree = "<group>";
		};
		DD38C6882D37BC320055D418 /* Model */ = {
			isa = PBXGroup;
			children = (
				DD38C6962D37C65E0055D418 /* WeightSet.swift */,
			);
			path = Model;
			sourceTree = "<group>";
		};
		DD38C68A2D37BC320055D418 /* Preview Content */ = {
			isa = PBXGroup;
			children = (
				DD38C6892D37BC320055D418 /* Preview Assets.xcassets */,
			);
			path = "Preview Content";
			sourceTree = "<group>";
		};
		DD38C68C2D37BC320055D418 /* WeightSetsList */ = {
			isa = PBXGroup;
			children = (
				DDD8C7AA2D41247C00B068FE /* WeightSetsListViewModel.swift */,
				DD38C68B2D37BC320055D418 /* WeightSetsListView.swift */,
			);
			path = WeightSetsList;
			sourceTree = "<group>";
		};
		DD38C6902D37BC320055D418 /* WeightCalculator */ = {
			isa = PBXGroup;
			children = (
				DD38C68A2D37BC320055D418 /* Preview Content */,
				DD8DB9752D4687FB00DEC049 /* Helpers */,
				DD38C6882D37BC320055D418 /* Model */,
				DD6589C52D3EA83100305C8E /* Features */,
				DD38C68D2D37BC320055D418 /* Assets.xcassets */,
				DD38C68F2D37BC320055D418 /* WeightCalculatorApp.swift */,
			);
			path = WeightCalculator;
			sourceTree = "<group>";
		};
		DD38C6982D3804B70055D418 /* WeightSetEdit */ = {
			isa = PBXGroup;
			children = (
				DD3AA3442D473D1000AD5B84 /* WeightSetEditViewModel.swift */,
				DD38C6992D3804C80055D418 /* WeightSetEditView.swift */,
				DD7D45C82D4548D50071A99D /* WeightSetEditSectionView.swift */,
			);
			path = WeightSetEdit;
			sourceTree = "<group>";
		};
		DD3A1D4F2D49291700C3FD77 /* Weights List */ = {
			isa = PBXGroup;
			children = (
				DD38C68C2D37BC320055D418 /* WeightSetsList */,
				DD38C6982D3804B70055D418 /* WeightSetEdit */,
			);
			path = "Weights List";
			sourceTree = "<group>";
		};
		DD3A1D522D49295800C3FD77 /* WeightFinder */ = {
			isa = PBXGroup;
			children = (
				DD3A1D532D492A4700C3FD77 /* WeightFinderViewModel.swift */,
				DD3A1D502D49294A00C3FD77 /* WeightFinderView.swift */,
			);
			path = WeightFinder;
			sourceTree = "<group>";
		};
		DD5C5F1C2D4B890500491FD9 /* Frameworks */ = {
			isa = PBXGroup;
			children = (
			);
			name = Frameworks;
			sourceTree = "<group>";
		};
		DD6589C52D3EA83100305C8E /* Features */ = {
			isa = PBXGroup;
			children = (
				DDD8C7A62D4122C800B068FE /* ContentView */,
				DD3A1D522D49295800C3FD77 /* WeightFinder */,
				DD3A1D4F2D49291700C3FD77 /* Weights List */,
				DD1D60262D4F98D7007DE51B /* RM__SwipeableView.swift */,
				DD9DF43E2D4CBA6A00497676 /* WeightsList.swift */,
				DD3A1D2A2D4909BE00C3FD77 /* WeightsCell.swift */,
			);
			path = Features;
			sourceTree = "<group>";
		};
		DD8DB9752D4687FB00DEC049 /* Helpers */ = {
			isa = PBXGroup;
			children = (
				DD7D1BF02D520F1F009EA4E2 /* Collection+extension.swift */,
				DD67278E2D4A4176005F1837 /* RM__Binding+extension.swift */,
				DD1D60242D4F6408007DE51B /* View+extension.swift */,
			);
			path = Helpers;
			sourceTree = "<group>";
		};
		DDD8C7A62D4122C800B068FE /* ContentView */ = {
			isa = PBXGroup;
			children = (
				DDD8C7A82D4122F700B068FE /* ContentViewModel.swift */,
				DDD8C7A52D4122C800B068FE /* ContentView.swift */,
			);
			path = ContentView;
			sourceTree = "<group>";
		};
/* End PBXGroup section */

/* Begin PBXNativeTarget section */
		DD138AAA2D328E40002A7B2D /* WeightCalculator */ = {
			isa = PBXNativeTarget;
			buildConfigurationList = DD138AB92D328E42002A7B2D /* Build configuration list for PBXNativeTarget "WeightCalculator" */;
			buildPhases = (
				DD138AA72D328E40002A7B2D /* Sources */,
				DD138AA82D328E40002A7B2D /* Frameworks */,
				DD138AA92D328E40002A7B2D /* Resources */,
				DD5C5F202D4B890500491FD9 /* Embed Frameworks */,
			);
			buildRules = (
			);
			dependencies = (
			);
			name = WeightCalculator;
			packageProductDependencies = (
				DD138ABD2D32B4AE002A7B2D /* WrappingHStack */,
				DD5C5F1D2D4B890500491FD9 /* RealmSwift */,
				DD95E6882D50B2AF0029C779 /* SwiftUIIntrospect */,
			);
			productName = WeightCalculator;
			productReference = DD138AAB2D328E40002A7B2D /* WeightCalculator.app */;
			productType = "com.apple.product-type.application";
		};
/* End PBXNativeTarget section */

/* Begin PBXProject section */
		DD138AA32D328E40002A7B2D /* Project object */ = {
			isa = PBXProject;
			attributes = {
				BuildIndependentTargetsInParallel = 1;
				LastSwiftUpdateCheck = 1620;
				LastUpgradeCheck = 1620;
				TargetAttributes = {
					DD138AAA2D328E40002A7B2D = {
						CreatedOnToolsVersion = 16.2;
					};
				};
			};
			buildConfigurationList = DD138AA62D328E40002A7B2D /* Build configuration list for PBXProject "WeightCalculator" */;
			developmentRegion = en;
			hasScannedForEncodings = 0;
			knownRegions = (
				en,
				Base,
			);
			mainGroup = DD138AA22D328E40002A7B2D;
			minimizedProjectReferenceProxies = 1;
			packageReferences = (
				DD138ABC2D32B4AE002A7B2D /* XCRemoteSwiftPackageReference "WrappingHStack" */,
				DD6589C62D3EABD300305C8E /* XCRemoteSwiftPackageReference "realm-swift" */,
				DD95E6812D50B1BC0029C779 /* XCRemoteSwiftPackageReference "SwiftUI-Introspect" */,
			);
			preferredProjectObjectVersion = 77;
			productRefGroup = DD138AAC2D328E40002A7B2D /* Products */;
			projectDirPath = "";
			projectRoot = "";
			targets = (
				DD138AAA2D328E40002A7B2D /* WeightCalculator */,
			);
		};
/* End PBXProject section */

/* Begin PBXResourcesBuildPhase section */
		DD138AA92D328E40002A7B2D /* Resources */ = {
			isa = PBXResourcesBuildPhase;
			buildActionMask = 2147483647;
			files = (
				DD38C6912D37BC320055D418 /* Preview Assets.xcassets in Resources */,
				DD38C6922D37BC320055D418 /* Assets.xcassets in Resources */,
			);
			runOnlyForDeploymentPostprocessing = 0;
		};
/* End PBXResourcesBuildPhase section */

/* Begin PBXSourcesBuildPhase section */
		DD138AA72D328E40002A7B2D /* Sources */ = {
			isa = PBXSourcesBuildPhase;
			buildActionMask = 2147483647;
			files = (
				DD38C69A2D3804C80055D418 /* WeightSetEditView.swift in Sources */,
				DD3A1D2B2D4909BE00C3FD77 /* WeightsCell.swift in Sources */,
				DD7D1BF12D520F30009EA4E2 /* Collection+extension.swift in Sources */,
				DD67278F2D4A417F005F1837 /* RM__Binding+extension.swift in Sources */,
				DD3A1D542D492A6800C3FD77 /* WeightFinderViewModel.swift in Sources */,
				DDD8C7A72D4122C800B068FE /* ContentView.swift in Sources */,
				DD1D60272D4F98D7007DE51B /* RM__SwipeableView.swift in Sources */,
				DDD8C7A92D41230200B068FE /* ContentViewModel.swift in Sources */,
				DD3AA3452D473D1400AD5B84 /* WeightSetEditViewModel.swift in Sources */,
				DD38C6932D37BC320055D418 /* WeightSetsListView.swift in Sources */,
				DD7D45C92D4548D90071A99D /* WeightSetEditSectionView.swift in Sources */,
				DD38C6972D37C65E0055D418 /* WeightSet.swift in Sources */,
				DD1D60252D4F6408007DE51B /* View+extension.swift in Sources */,
				DD38C6952D37BC320055D418 /* WeightCalculatorApp.swift in Sources */,
				DD9DF43F2D4CBA6A00497676 /* WeightsList.swift in Sources */,
				DDD8C7AB2D41248500B068FE /* WeightSetsListViewModel.swift in Sources */,
				DD3A1D512D49294A00C3FD77 /* WeightFinderView.swift in Sources */,
			);
			runOnlyForDeploymentPostprocessing = 0;
		};
/* End PBXSourcesBuildPhase section */

/* Begin XCBuildConfiguration section */
		DD138AB72D328E42002A7B2D /* Debug */ = {
			isa = XCBuildConfiguration;
			buildSettings = {
				ALWAYS_SEARCH_USER_PATHS = NO;
				ASSETCATALOG_COMPILER_GENERATE_SWIFT_ASSET_SYMBOL_EXTENSIONS = YES;
				CLANG_ANALYZER_NONNULL = YES;
				CLANG_ANALYZER_NUMBER_OBJECT_CONVERSION = YES_AGGRESSIVE;
				CLANG_CXX_LANGUAGE_STANDARD = "gnu++20";
				CLANG_ENABLE_MODULES = YES;
				CLANG_ENABLE_OBJC_ARC = YES;
				CLANG_ENABLE_OBJC_WEAK = YES;
				CLANG_WARN_BLOCK_CAPTURE_AUTORELEASING = YES;
				CLANG_WARN_BOOL_CONVERSION = YES;
				CLANG_WARN_COMMA = YES;
				CLANG_WARN_CONSTANT_CONVERSION = YES;
				CLANG_WARN_DEPRECATED_OBJC_IMPLEMENTATIONS = YES;
				CLANG_WARN_DIRECT_OBJC_ISA_USAGE = YES_ERROR;
				CLANG_WARN_DOCUMENTATION_COMMENTS = YES;
				CLANG_WARN_EMPTY_BODY = YES;
				CLANG_WARN_ENUM_CONVERSION = YES;
				CLANG_WARN_INFINITE_RECURSION = YES;
				CLANG_WARN_INT_CONVERSION = YES;
				CLANG_WARN_NON_LITERAL_NULL_CONVERSION = YES;
				CLANG_WARN_OBJC_IMPLICIT_RETAIN_SELF = YES;
				CLANG_WARN_OBJC_LITERAL_CONVERSION = YES;
				CLANG_WARN_OBJC_ROOT_CLASS = YES_ERROR;
				CLANG_WARN_QUOTED_INCLUDE_IN_FRAMEWORK_HEADER = YES;
				CLANG_WARN_RANGE_LOOP_ANALYSIS = YES;
				CLANG_WARN_STRICT_PROTOTYPES = YES;
				CLANG_WARN_SUSPICIOUS_MOVE = YES;
				CLANG_WARN_UNGUARDED_AVAILABILITY = YES_AGGRESSIVE;
				CLANG_WARN_UNREACHABLE_CODE = YES;
				CLANG_WARN__DUPLICATE_METHOD_MATCH = YES;
				COPY_PHASE_STRIP = NO;
				DEBUG_INFORMATION_FORMAT = dwarf;
				ENABLE_STRICT_OBJC_MSGSEND = YES;
				ENABLE_TESTABILITY = YES;
				ENABLE_USER_SCRIPT_SANDBOXING = YES;
				GCC_C_LANGUAGE_STANDARD = gnu17;
				GCC_DYNAMIC_NO_PIC = NO;
				GCC_NO_COMMON_BLOCKS = YES;
				GCC_OPTIMIZATION_LEVEL = 0;
				GCC_PREPROCESSOR_DEFINITIONS = (
					"DEBUG=1",
					"$(inherited)",
				);
				GCC_WARN_64_TO_32_BIT_CONVERSION = YES;
				GCC_WARN_ABOUT_RETURN_TYPE = YES_ERROR;
				GCC_WARN_UNDECLARED_SELECTOR = YES;
				GCC_WARN_UNINITIALIZED_AUTOS = YES_AGGRESSIVE;
				GCC_WARN_UNUSED_FUNCTION = YES;
				GCC_WARN_UNUSED_VARIABLE = YES;
				IPHONEOS_DEPLOYMENT_TARGET = 18.2;
				LOCALIZATION_PREFERS_STRING_CATALOGS = YES;
				MTL_ENABLE_DEBUG_INFO = INCLUDE_SOURCE;
				MTL_FAST_MATH = YES;
				ONLY_ACTIVE_ARCH = YES;
				SDKROOT = iphoneos;
				SWIFT_ACTIVE_COMPILATION_CONDITIONS = "DEBUG $(inherited)";
				SWIFT_OPTIMIZATION_LEVEL = "-Onone";
			};
			name = Debug;
		};
		DD138AB82D328E42002A7B2D /* Release */ = {
			isa = XCBuildConfiguration;
			buildSettings = {
				ALWAYS_SEARCH_USER_PATHS = NO;
				ASSETCATALOG_COMPILER_GENERATE_SWIFT_ASSET_SYMBOL_EXTENSIONS = YES;
				CLANG_ANALYZER_NONNULL = YES;
				CLANG_ANALYZER_NUMBER_OBJECT_CONVERSION = YES_AGGRESSIVE;
				CLANG_CXX_LANGUAGE_STANDARD = "gnu++20";
				CLANG_ENABLE_MODULES = YES;
				CLANG_ENABLE_OBJC_ARC = YES;
				CLANG_ENABLE_OBJC_WEAK = YES;
				CLANG_WARN_BLOCK_CAPTURE_AUTORELEASING = YES;
				CLANG_WARN_BOOL_CONVERSION = YES;
				CLANG_WARN_COMMA = YES;
				CLANG_WARN_CONSTANT_CONVERSION = YES;
				CLANG_WARN_DEPRECATED_OBJC_IMPLEMENTATIONS = YES;
				CLANG_WARN_DIRECT_OBJC_ISA_USAGE = YES_ERROR;
				CLANG_WARN_DOCUMENTATION_COMMENTS = YES;
				CLANG_WARN_EMPTY_BODY = YES;
				CLANG_WARN_ENUM_CONVERSION = YES;
				CLANG_WARN_INFINITE_RECURSION = YES;
				CLANG_WARN_INT_CONVERSION = YES;
				CLANG_WARN_NON_LITERAL_NULL_CONVERSION = YES;
				CLANG_WARN_OBJC_IMPLICIT_RETAIN_SELF = YES;
				CLANG_WARN_OBJC_LITERAL_CONVERSION = YES;
				CLANG_WARN_OBJC_ROOT_CLASS = YES_ERROR;
				CLANG_WARN_QUOTED_INCLUDE_IN_FRAMEWORK_HEADER = YES;
				CLANG_WARN_RANGE_LOOP_ANALYSIS = YES;
				CLANG_WARN_STRICT_PROTOTYPES = YES;
				CLANG_WARN_SUSPICIOUS_MOVE = YES;
				CLANG_WARN_UNGUARDED_AVAILABILITY = YES_AGGRESSIVE;
				CLANG_WARN_UNREACHABLE_CODE = YES;
				CLANG_WARN__DUPLICATE_METHOD_MATCH = YES;
				COPY_PHASE_STRIP = NO;
				DEBUG_INFORMATION_FORMAT = "dwarf-with-dsym";
				ENABLE_NS_ASSERTIONS = NO;
				ENABLE_STRICT_OBJC_MSGSEND = YES;
				ENABLE_USER_SCRIPT_SANDBOXING = YES;
				GCC_C_LANGUAGE_STANDARD = gnu17;
				GCC_NO_COMMON_BLOCKS = YES;
				GCC_WARN_64_TO_32_BIT_CONVERSION = YES;
				GCC_WARN_ABOUT_RETURN_TYPE = YES_ERROR;
				GCC_WARN_UNDECLARED_SELECTOR = YES;
				GCC_WARN_UNINITIALIZED_AUTOS = YES_AGGRESSIVE;
				GCC_WARN_UNUSED_FUNCTION = YES;
				GCC_WARN_UNUSED_VARIABLE = YES;
				IPHONEOS_DEPLOYMENT_TARGET = 18.2;
				LOCALIZATION_PREFERS_STRING_CATALOGS = YES;
				MTL_ENABLE_DEBUG_INFO = NO;
				MTL_FAST_MATH = YES;
				SDKROOT = iphoneos;
				SWIFT_COMPILATION_MODE = wholemodule;
				VALIDATE_PRODUCT = YES;
			};
			name = Release;
		};
		DD138ABA2D328E42002A7B2D /* Debug */ = {
			isa = XCBuildConfiguration;
			buildSettings = {
				ASSETCATALOG_COMPILER_APPICON_NAME = AppIcon;
				ASSETCATALOG_COMPILER_GLOBAL_ACCENT_COLOR_NAME = AccentColor;
				CODE_SIGN_STYLE = Automatic;
				CURRENT_PROJECT_VERSION = 1;
				DEVELOPMENT_ASSET_PATHS = "\"WeightCalculator/Preview Content\"";
				DEVELOPMENT_TEAM = MZNY672VY8;
				ENABLE_PREVIEWS = YES;
				GENERATE_INFOPLIST_FILE = YES;
				INFOPLIST_KEY_UIApplicationSceneManifest_Generation = YES;
				INFOPLIST_KEY_UIApplicationSupportsIndirectInputEvents = YES;
				INFOPLIST_KEY_UILaunchScreen_Generation = YES;
				INFOPLIST_KEY_UISupportedInterfaceOrientations = UIInterfaceOrientationPortrait;
				INFOPLIST_KEY_UISupportedInterfaceOrientations_iPad = "UIInterfaceOrientationLandscapeLeft UIInterfaceOrientationLandscapeRight UIInterfaceOrientationPortrait UIInterfaceOrientationPortraitUpsideDown";
				IPHONEOS_DEPLOYMENT_TARGET = 15.0;
				LD_RUNPATH_SEARCH_PATHS = (
					"$(inherited)",
					"@executable_path/Frameworks",
				);
				MARKETING_VERSION = 1.0;
				OTHER_SWIFT_FLAGS = "";
				PRODUCT_BUNDLE_IDENTIFIER = com.vadimyakimov.WeightCalculator;
				PRODUCT_NAME = "$(TARGET_NAME)";
				SWIFT_EMIT_LOC_STRINGS = YES;
				SWIFT_VERSION = 6.0;
				TARGETED_DEVICE_FAMILY = "1,2";
			};
			name = Debug;
		};
		DD138ABB2D328E42002A7B2D /* Release */ = {
			isa = XCBuildConfiguration;
			buildSettings = {
				ASSETCATALOG_COMPILER_APPICON_NAME = AppIcon;
				ASSETCATALOG_COMPILER_GLOBAL_ACCENT_COLOR_NAME = AccentColor;
				CODE_SIGN_STYLE = Automatic;
				CURRENT_PROJECT_VERSION = 1;
				DEVELOPMENT_ASSET_PATHS = "\"WeightCalculator/Preview Content\"";
				DEVELOPMENT_TEAM = MZNY672VY8;
				ENABLE_PREVIEWS = YES;
				GENERATE_INFOPLIST_FILE = YES;
				INFOPLIST_KEY_UIApplicationSceneManifest_Generation = YES;
				INFOPLIST_KEY_UIApplicationSupportsIndirectInputEvents = YES;
				INFOPLIST_KEY_UILaunchScreen_Generation = YES;
				INFOPLIST_KEY_UISupportedInterfaceOrientations = UIInterfaceOrientationPortrait;
				INFOPLIST_KEY_UISupportedInterfaceOrientations_iPad = "UIInterfaceOrientationLandscapeLeft UIInterfaceOrientationLandscapeRight UIInterfaceOrientationPortrait UIInterfaceOrientationPortraitUpsideDown";
				IPHONEOS_DEPLOYMENT_TARGET = 15.0;
				LD_RUNPATH_SEARCH_PATHS = (
					"$(inherited)",
					"@executable_path/Frameworks",
				);
				MARKETING_VERSION = 1.0;
				OTHER_SWIFT_FLAGS = "";
				PRODUCT_BUNDLE_IDENTIFIER = com.vadimyakimov.WeightCalculator;
				PRODUCT_NAME = "$(TARGET_NAME)";
				SWIFT_EMIT_LOC_STRINGS = YES;
				SWIFT_VERSION = 6.0;
				TARGETED_DEVICE_FAMILY = "1,2";
			};
			name = Release;
		};
/* End XCBuildConfiguration section */

/* Begin XCConfigurationList section */
		DD138AA62D328E40002A7B2D /* Build configuration list for PBXProject "WeightCalculator" */ = {
			isa = XCConfigurationList;
			buildConfigurations = (
				DD138AB72D328E42002A7B2D /* Debug */,
				DD138AB82D328E42002A7B2D /* Release */,
			);
			defaultConfigurationIsVisible = 0;
			defaultConfigurationName = Release;
		};
		DD138AB92D328E42002A7B2D /* Build configuration list for PBXNativeTarget "WeightCalculator" */ = {
			isa = XCConfigurationList;
			buildConfigurations = (
				DD138ABA2D328E42002A7B2D /* Debug */,
				DD138ABB2D328E42002A7B2D /* Release */,
			);
			defaultConfigurationIsVisible = 0;
			defaultConfigurationName = Release;
		};
/* End XCConfigurationList section */

/* Begin XCRemoteSwiftPackageReference section */
		DD138ABC2D32B4AE002A7B2D /* XCRemoteSwiftPackageReference "WrappingHStack" */ = {
			isa = XCRemoteSwiftPackageReference;
			repositoryURL = "https://github.com/dkk/WrappingHStack";
			requirement = {
				kind = upToNextMajorVersion;
				minimumVersion = 2.2.11;
			};
		};
		DD6589C62D3EABD300305C8E /* XCRemoteSwiftPackageReference "realm-swift" */ = {
			isa = XCRemoteSwiftPackageReference;
			repositoryURL = "https://github.com/realm/realm-swift";
			requirement = {
				branch = master;
				kind = branch;
			};
		};
		DD95E6812D50B1BC0029C779 /* XCRemoteSwiftPackageReference "SwiftUI-Introspect" */ = {
			isa = XCRemoteSwiftPackageReference;
			repositoryURL = "https://github.com/siteline/SwiftUI-Introspect";
			requirement = {
				kind = upToNextMajorVersion;
				minimumVersion = 1.3.0;
			};
		};
/* End XCRemoteSwiftPackageReference section */

/* Begin XCSwiftPackageProductDependency section */
		DD138ABD2D32B4AE002A7B2D /* WrappingHStack */ = {
			isa = XCSwiftPackageProductDependency;
			package = DD138ABC2D32B4AE002A7B2D /* XCRemoteSwiftPackageReference "WrappingHStack" */;
			productName = WrappingHStack;
		};
		DD5C5F1D2D4B890500491FD9 /* RealmSwift */ = {
			isa = XCSwiftPackageProductDependency;
			package = DD6589C62D3EABD300305C8E /* XCRemoteSwiftPackageReference "realm-swift" */;
			productName = RealmSwift;
		};
		DD95E6882D50B2AF0029C779 /* SwiftUIIntrospect */ = {
			isa = XCSwiftPackageProductDependency;
			package = DD95E6812D50B1BC0029C779 /* XCRemoteSwiftPackageReference "SwiftUI-Introspect" */;
			productName = SwiftUIIntrospect;
		};
/* End XCSwiftPackageProductDependency section */
	};
	rootObject = DD138AA32D328E40002A7B2D /* Project object */;
}
